// !$*UTF8*$!
{
	archiveVersion = 1;
	classes = {
	};
	objectVersion = 50;
	objects = {

/* Begin PBXBuildFile section */
		404E5D9C220F5A0600D84467 /* AppDelegate.swift in Sources */ = {isa = PBXBuildFile; fileRef = 404E5D9B220F5A0600D84467 /* AppDelegate.swift */; };
		404E5D9E220F5A0600D84467 /* ViewController.swift in Sources */ = {isa = PBXBuildFile; fileRef = 404E5D9D220F5A0600D84467 /* ViewController.swift */; };
		404E5DA1220F5A0600D84467 /* Main.storyboard in Resources */ = {isa = PBXBuildFile; fileRef = 404E5D9F220F5A0600D84467 /* Main.storyboard */; };
		404E5DA3220F5A0900D84467 /* Assets.xcassets in Resources */ = {isa = PBXBuildFile; fileRef = 404E5DA2220F5A0900D84467 /* Assets.xcassets */; };
		404E5DA6220F5A0900D84467 /* LaunchScreen.storyboard in Resources */ = {isa = PBXBuildFile; fileRef = 404E5DA4220F5A0900D84467 /* LaunchScreen.storyboard */; };
		404E5DAE220F634400D84467 /* TutorialPractice in Resources */ = {isa = PBXBuildFile; fileRef = 404E5DAD220F634400D84467 /* TutorialPractice */; };
/* End PBXBuildFile section */

/* Begin PBXFileReference section */
		40107763220F923E002E4D20 /* Array_sumOfTwo.playground */ = {isa = PBXFileReference; lastKnownFileType = file.playground; path = Array_sumOfTwo.playground; sourceTree = "<group>"; xcLanguageSpecificationIdentifier = xcode.lang.swift; };
		404E5D98220F5A0600D84467 /* SPSwiftProject.app */ = {isa = PBXFileReference; explicitFileType = wrapper.application; includeInIndex = 0; path = SPSwiftProject.app; sourceTree = BUILT_PRODUCTS_DIR; };
		404E5D9B220F5A0600D84467 /* AppDelegate.swift */ = {isa = PBXFileReference; lastKnownFileType = sourcecode.swift; path = AppDelegate.swift; sourceTree = "<group>"; };
		404E5D9D220F5A0600D84467 /* ViewController.swift */ = {isa = PBXFileReference; lastKnownFileType = sourcecode.swift; path = ViewController.swift; sourceTree = "<group>"; };
		404E5DA0220F5A0600D84467 /* Base */ = {isa = PBXFileReference; lastKnownFileType = file.storyboard; name = Base; path = Base.lproj/Main.storyboard; sourceTree = "<group>"; };
		404E5DA2220F5A0900D84467 /* Assets.xcassets */ = {isa = PBXFileReference; lastKnownFileType = folder.assetcatalog; path = Assets.xcassets; sourceTree = "<group>"; };
		404E5DA5220F5A0900D84467 /* Base */ = {isa = PBXFileReference; lastKnownFileType = file.storyboard; name = Base; path = Base.lproj/LaunchScreen.storyboard; sourceTree = "<group>"; };
		404E5DA7220F5A0900D84467 /* Info.plist */ = {isa = PBXFileReference; lastKnownFileType = text.plist.xml; path = Info.plist; sourceTree = "<group>"; };
		404E5DAD220F634400D84467 /* TutorialPractice */ = {isa = PBXFileReference; lastKnownFileType = folder; path = TutorialPractice; sourceTree = SOURCE_ROOT; };
/* End PBXFileReference section */

/* Begin PBXFrameworksBuildPhase section */
		404E5D95220F5A0600D84467 /* Frameworks */ = {
			isa = PBXFrameworksBuildPhase;
			buildActionMask = 2147483647;
			files = (
			);
			runOnlyForDeploymentPostprocessing = 0;
		};
/* End PBXFrameworksBuildPhase section */

/* Begin PBXGroup section */
		40107762220F920D002E4D20 /* LeetCode */ = {
			isa = PBXGroup;
			children = (
				40107763220F923E002E4D20 /* Array_sumOfTwo.playground */,
			);
			path = LeetCode;
			sourceTree = "<group>";
		};
		404E5D8F220F5A0600D84467 = {
			isa = PBXGroup;
			children = (
				404E5D9A220F5A0600D84467 /* SPSwiftProject */,
				404E5D99220F5A0600D84467 /* Products */,
			);
			sourceTree = "<group>";
		};
		404E5D99220F5A0600D84467 /* Products */ = {
			isa = PBXGroup;
			children = (
				404E5D98220F5A0600D84467 /* SPSwiftProject.app */,
			);
			name = Products;
			sourceTree = "<group>";
		};
		404E5D9A220F5A0600D84467 /* SPSwiftProject */ = {
			isa = PBXGroup;
			children = (
				40107762220F920D002E4D20 /* LeetCode */,
				404E5DAD220F634400D84467 /* TutorialPractice */,
				404E5D9B220F5A0600D84467 /* AppDelegate.swift */,
				404E5D9D220F5A0600D84467 /* ViewController.swift */,
				404E5D9F220F5A0600D84467 /* Main.storyboard */,
				404E5DA2220F5A0900D84467 /* Assets.xcassets */,
				404E5DA4220F5A0900D84467 /* LaunchScreen.storyboard */,
				404E5DA7220F5A0900D84467 /* Info.plist */,
			);
			path = SPSwiftProject;
			sourceTree = "<group>";
		};
/* End PBXGroup section */

/* Begin PBXNativeTarget section */
		404E5D97220F5A0600D84467 /* SPSwiftProject */ = {
			isa = PBXNativeTarget;
			buildConfigurationList = 404E5DAA220F5A0900D84467 /* Build configuration list for PBXNativeTarget "SPSwiftProject" */;
			buildPhases = (
				404E5D94220F5A0600D84467 /* Sources */,
				404E5D95220F5A0600D84467 /* Frameworks */,
				404E5D96220F5A0600D84467 /* Resources */,
			);
			buildRules = (
			);
			dependencies = (
			);
			name = SPSwiftProject;
			productName = SPSwiftProject;
			productReference = 404E5D98220F5A0600D84467 /* SPSwiftProject.app */;
			productType = "com.apple.product-type.application";
		};
/* End PBXNativeTarget section */

/* Begin PBXProject section */
		404E5D90220F5A0600D84467 /* Project object */ = {
			isa = PBXProject;
			attributes = {
				LastSwiftUpdateCheck = 1010;
				LastUpgradeCheck = 1010;
				ORGANIZATIONNAME = "Parsoya, Saritha";
				TargetAttributes = {
					404E5D97220F5A0600D84467 = {
						CreatedOnToolsVersion = 10.1;
					};
				};
			};
			buildConfigurationList = 404E5D93220F5A0600D84467 /* Build configuration list for PBXProject "SPSwiftProject" */;
			compatibilityVersion = "Xcode 9.3";
			developmentRegion = en;
			hasScannedForEncodings = 0;
			knownRegions = (
				en,
				Base,
			);
			mainGroup = 404E5D8F220F5A0600D84467;
			productRefGroup = 404E5D99220F5A0600D84467 /* Products */;
			projectDirPath = "";
			projectRoot = "";
			targets = (
				404E5D97220F5A0600D84467 /* SPSwiftProject */,
			);
		};
/* End PBXProject section */

/* Begin PBXResourcesBuildPhase section */
		404E5D96220F5A0600D84467 /* Resources */ = {
			isa = PBXResourcesBuildPhase;
			buildActionMask = 2147483647;
			files = (
				404E5DA6220F5A0900D84467 /* LaunchScreen.storyboard in Resources */,
				404E5DA3220F5A0900D84467 /* Assets.xcassets in Resources */,
				404E5DA1220F5A0600D84467 /* Main.storyboard in Resources */,
				404E5DAE220F634400D84467 /* TutorialPractice in Resources */,
			);
			runOnlyForDeploymentPostprocessing = 0;
		};
/* End PBXResourcesBuildPhase section */

/* Begin PBXSourcesBuildPhase section */
		404E5D94220F5A0600D84467 /* Sources */ = {
			isa = PBXSourcesBuildPhase;
			buildActionMask = 2147483647;
			files = (
				404E5D9E220F5A0600D84467 /* ViewController.swift in Sources */,
				404E5D9C220F5A0600D84467 /* AppDelegate.swift in Sources */,
			);
			runOnlyForDeploymentPostprocessing = 0;
		};
/* End PBXSourcesBuildPhase section */

/* Begin PBXVariantGroup section */
		404E5D9F220F5A0600D84467 /* Main.storyboard */ = {
			isa = PBXVariantGroup;
			children = (
				404E5DA0220F5A0600D84467 /* Base */,
			);
			name = Main.storyboard;
			sourceTree = "<group>";
		};
		404E5DA4220F5A0900D84467 /* LaunchScreen.storyboard */ = {
			isa = PBXVariantGroup;
			children = (
				404E5DA5220F5A0900D84467 /* Base */,
			);
			name = LaunchScreen.storyboard;
			sourceTree = "<group>";
		};
/* End PBXVariantGroup section */

/* Begin XCBuildConfiguration section */
		404E5DA8220F5A0900D84467 /* Debug */ = {
			isa = XCBuildConfiguration;
			buildSettings = {
				ALWAYS_SEARCH_USER_PATHS = NO;
				CLANG_ANALYZER_NONNULL = YES;
				CLANG_ANALYZER_NUMBER_OBJECT_CONVERSION = YES_AGGRESSIVE;
				CLANG_CXX_LANGUAGE_STANDARD = "gnu++14";
				CLANG_CXX_LIBRARY = "libc++";
				CLANG_ENABLE_MODULES = YES;
				CLANG_ENABLE_OBJC_ARC = YES;
				CLANG_ENABLE_OBJC_WEAK = YES;
				CLANG_WARN_BLOCK_CAPTURE_AUTORELEASING = YES;
				CLANG_WARN_BOOL_CONVERSION = YES;
				CLANG_WARN_COMMA = YES;
				CLANG_WARN_CONSTANT_CONVERSION = YES;
				CLANG_WARN_DEPRECATED_OBJC_IMPLEMENTATIONS = YES;
				CLANG_WARN_DIRECT_OBJC_ISA_USAGE = YES_ERROR;
				CLANG_WARN_DOCUMENTATION_COMMENTS = YES;
				CLANG_WARN_EMPTY_BODY = YES;
				CLANG_WARN_ENUM_CONVERSION = YES;
				CLANG_WARN_INFINITE_RECURSION = YES;
				CLANG_WARN_INT_CONVERSION = YES;
				CLANG_WARN_NON_LITERAL_NULL_CONVERSION = YES;
				CLANG_WARN_OBJC_IMPLICIT_RETAIN_SELF = YES;
				CLANG_WARN_OBJC_LITERAL_CONVERSION = YES;
				CLANG_WARN_OBJC_ROOT_CLASS = YES_ERROR;
				CLANG_WARN_RANGE_LOOP_ANALYSIS = YES;
				CLANG_WARN_STRICT_PROTOTYPES = YES;
				CLANG_WARN_SUSPICIOUS_MOVE = YES;
				CLANG_WARN_UNGUARDED_AVAILABILITY = YES_AGGRESSIVE;
				CLANG_WARN_UNREACHABLE_CODE = YES;
				CLANG_WARN__DUPLICATE_METHOD_MATCH = YES;
				CODE_SIGN_IDENTITY = "iPhone Developer";
				COPY_PHASE_STRIP = NO;
				DEBUG_INFORMATION_FORMAT = dwarf;
				ENABLE_STRICT_OBJC_MSGSEND = YES;
				ENABLE_TESTABILITY = YES;
				GCC_C_LANGUAGE_STANDARD = gnu11;
				GCC_DYNAMIC_NO_PIC = NO;
				GCC_NO_COMMON_BLOCKS = YES;
				GCC_OPTIMIZATION_LEVEL = 0;
				GCC_PREPROCESSOR_DEFINITIONS = (
					"DEBUG=1",
					"$(inherited)",
				);
				GCC_WARN_64_TO_32_BIT_CONVERSION = YES;
				GCC_WARN_ABOUT_RETURN_TYPE = YES_ERROR;
				GCC_WARN_UNDECLARED_SELECTOR = YES;
				GCC_WARN_UNINITIALIZED_AUTOS = YES_AGGRESSIVE;
				GCC_WARN_UNUSED_FUNCTION = YES;
				GCC_WARN_UNUSED_VARIABLE = YES;
				IPHONEOS_DEPLOYMENT_TARGET = 12.1;
				MTL_ENABLE_DEBUG_INFO = INCLUDE_SOURCE;
				MTL_FAST_MATH = YES;
				ONLY_ACTIVE_ARCH = YES;
				SDKROOT = iphoneos;
				SWIFT_ACTIVE_COMPILATION_CONDITIONS = DEBUG;
				SWIFT_OPTIMIZATION_LEVEL = "-Onone";
			};
			name = Debug;
		};
		404E5DA9220F5A0900D84467 /* Release */ = {
			isa = XCBuildConfiguration;
			buildSettings = {
				ALWAYS_SEARCH_USER_PATHS = NO;
				CLANG_ANALYZER_NONNULL = YES;
				CLANG_ANALYZER_NUMBER_OBJECT_CONVERSION = YES_AGGRESSIVE;
				CLANG_CXX_LANGUAGE_STANDARD = "gnu++14";
				CLANG_CXX_LIBRARY = "libc++";
				CLANG_ENABLE_MODULES = YES;
				CLANG_ENABLE_OBJC_ARC = YES;
				CLANG_ENABLE_OBJC_WEAK = YES;
				CLANG_WARN_BLOCK_CAPTURE_AUTORELEASING = YES;
				CLANG_WARN_BOOL_CONVERSION = YES;
				CLANG_WARN_COMMA = YES;
				CLANG_WARN_CONSTANT_CONVERSION = YES;
				CLANG_WARN_DEPRECATED_OBJC_IMPLEMENTATIONS = YES;
				CLANG_WARN_DIRECT_OBJC_ISA_USAGE = YES_ERROR;
				CLANG_WARN_DOCUMENTATION_COMMENTS = YES;
				CLANG_WARN_EMPTY_BODY = YES;
				CLANG_WARN_ENUM_CONVERSION = YES;
				CLANG_WARN_INFINITE_RECURSION = YES;
				CLANG_WARN_INT_CONVERSION = YES;
				CLANG_WARN_NON_LITERAL_NULL_CONVERSION = YES;
				CLANG_WARN_OBJC_IMPLICIT_RETAIN_SELF = YES;
				CLANG_WARN_OBJC_LITERAL_CONVERSION = YES;
				CLANG_WARN_OBJC_ROOT_CLASS = YES_ERROR;
				CLANG_WARN_RANGE_LOOP_ANALYSIS = YES;
				CLANG_WARN_STRICT_PROTOTYPES = YES;
				CLANG_WARN_SUSPICIOUS_MOVE = YES;
				CLANG_WARN_UNGUARDED_AVAILABILITY = YES_AGGRESSIVE;
				CLANG_WARN_UNREACHABLE_CODE = YES;
				CLANG_WARN__DUPLICATE_METHOD_MATCH = YES;
				CODE_SIGN_IDENTITY = "iPhone Developer";
				COPY_PHASE_STRIP = NO;
				DEBUG_INFORMATION_FORMAT = "dwarf-with-dsym";
				ENABLE_NS_ASSERTIONS = NO;
				ENABLE_STRICT_OBJC_MSGSEND = YES;
				GCC_C_LANGUAGE_STANDARD = gnu11;
				GCC_NO_COMMON_BLOCKS = YES;
				GCC_WARN_64_TO_32_BIT_CONVERSION = YES;
				GCC_WARN_ABOUT_RETURN_TYPE = YES_ERROR;
				GCC_WARN_UNDECLARED_SELECTOR = YES;
				GCC_WARN_UNINITIALIZED_AUTOS = YES_AGGRESSIVE;
				GCC_WARN_UNUSED_FUNCTION = YES;
				GCC_WARN_UNUSED_VARIABLE = YES;
				IPHONEOS_DEPLOYMENT_TARGET = 12.1;
				MTL_ENABLE_DEBUG_INFO = NO;
				MTL_FAST_MATH = YES;
				SDKROOT = iphoneos;
				SWIFT_COMPILATION_MODE = wholemodule;
				SWIFT_OPTIMIZATION_LEVEL = "-O";
				VALIDATE_PRODUCT = YES;
			};
			name = Release;
		};
		404E5DAB220F5A0900D84467 /* Debug */ = {
			isa = XCBuildConfiguration;
			buildSettings = {
				ASSETCATALOG_COMPILER_APPICON_NAME = AppIcon;
				CODE_SIGN_STYLE = Automatic;
				INFOPLIST_FILE = SPSwiftProject/Info.plist;
				LD_RUNPATH_SEARCH_PATHS = (
					"$(inherited)",
					"@executable_path/Frameworks",
				);
				PRODUCT_BUNDLE_IDENTIFIER = com.saritha.SPSwiftProject;
				PRODUCT_NAME = "$(TARGET_NAME)";
				SWIFT_VERSION = 4.2;
				TARGETED_DEVICE_FAMILY = "1,2";
			};
			name = Debug;
		};
		404E5DAC220F5A0900D84467 /* Release */ = {
			isa = XCBuildConfiguration;
			buildSettings = {
				ASSETCATALOG_COMPILER_APPICON_NAME = AppIcon;
				CODE_SIGN_STYLE = Automatic;
				INFOPLIST_FILE = SPSwiftProject/Info.plist;
				LD_RUNPATH_SEARCH_PATHS = (
					"$(inherited)",
					"@executable_path/Frameworks",
				);
				PRODUCT_BUNDLE_IDENTIFIER = com.saritha.SPSwiftProject;
				PRODUCT_NAME = "$(TARGET_NAME)";
				SWIFT_VERSION = 4.2;
				TARGETED_DEVICE_FAMILY = "1,2";
			};
			name = Release;
		};
/* End XCBuildConfiguration section */

/* Begin XCConfigurationList section */
		404E5D93220F5A0600D84467 /* Build configuration list for PBXProject "SPSwiftProject" */ = {
			isa = XCConfigurationList;
			buildConfigurations = (
				404E5DA8220F5A0900D84467 /* Debug */,
				404E5DA9220F5A0900D84467 /* Release */,
			);
			defaultConfigurationIsVisible = 0;
			defaultConfigurationName = Release;
		};
		404E5DAA220F5A0900D84467 /* Build configuration list for PBXNativeTarget "SPSwiftProject" */ = {
			isa = XCConfigurationList;
			buildConfigurations = (
				404E5DAB220F5A0900D84467 /* Debug */,
				404E5DAC220F5A0900D84467 /* Release */,
			);
			defaultConfigurationIsVisible = 0;
			defaultConfigurationName = Release;
		};
/* End XCConfigurationList section */
	};
	rootObject = 404E5D90220F5A0600D84467 /* Project object */;
}
