// !$*UTF8*$!
{
	archiveVersion = 1;
	classes = {
	};
	objectVersion = 50;
	objects = {

/* Begin PBXBuildFile section */
		404E5D9C220F5A0600D84467 /* AppDelegate.swift in Sources */ = {isa = PBXBuildFile; fileRef = 404E5D9B220F5A0600D84467 /* AppDelegate.swift */; };
		404E5D9E220F5A0600D84467 /* ViewController.swift in Sources */ = {isa = PBXBuildFile; fileRef = 404E5D9D220F5A0600D84467 /* ViewController.swift */; };
		404E5DA1220F5A0600D84467 /* Main.storyboard in Resources */ = {isa = PBXBuildFile; fileRef = 404E5D9F220F5A0600D84467 /* Main.storyboard */; };
		404E5DA3220F5A0900D84467 /* Assets.xcassets in Resources */ = {isa = PBXBuildFile; fileRef = 404E5DA2220F5A0900D84467 /* Assets.xcassets */; };
		404E5DA6220F5A0900D84467 /* LaunchScreen.storyboard in Resources */ = {isa = PBXBuildFile; fileRef = 404E5DA4220F5A0900D84467 /* LaunchScreen.storyboard */; };
		404E5DAE220F634400D84467 /* TutorialPractice in Resources */ = {isa = PBXBuildFile; fileRef = 404E5DAD220F634400D84467 /* TutorialPractice */; };
		4084B42A2224E353005CAC09 /* MockingAPIDocuments.m in Sources */ = {isa = PBXBuildFile; fileRef = 4084B4292224E353005CAC09 /* MockingAPIDocuments.m */; };
		4084B42D2224E53D005CAC09 /* XCTest.framework in Frameworks */ = {isa = PBXBuildFile; fileRef = 4084B42C2224E53D005CAC09 /* XCTest.framework */; };
		4084B42F2224E81E005CAC09 /* APIRequestManager.swift in Sources */ = {isa = PBXBuildFile; fileRef = 4084B42E2224E81E005CAC09 /* APIRequestManager.swift */; };
		4084B43122250758005CAC09 /* MockNotes.txt in Resources */ = {isa = PBXBuildFile; fileRef = 4084B43022250758005CAC09 /* MockNotes.txt */; };
		4084B43322250EE9005CAC09 /* UITestMock.txt in Resources */ = {isa = PBXBuildFile; fileRef = 4084B43222250EE9005CAC09 /* UITestMock.txt */; };
		408AFDEA22251EA7002476CC /* Podfile in Resources */ = {isa = PBXBuildFile; fileRef = 408AFDE922251EA7002476CC /* Podfile */; };
		408AFDF222252313002476CC /* SPSwiftProjectTests.m in Sources */ = {isa = PBXBuildFile; fileRef = 408AFDF122252313002476CC /* SPSwiftProjectTests.m */; };
		408AFE002225231C002476CC /* SPSwiftProjectUITests.m in Sources */ = {isa = PBXBuildFile; fileRef = 408AFDFF2225231C002476CC /* SPSwiftProjectUITests.m */; };
		408AFE0722252332002476CC /* BaseUITest.swift in Sources */ = {isa = PBXBuildFile; fileRef = 4084B43822251C40005CAC09 /* BaseUITest.swift */; };
		408AFE0822252338002476CC /* SRPTests.swift in Sources */ = {isa = PBXBuildFile; fileRef = 4084B43622251BE3005CAC09 /* SRPTests.swift */; };
		408AFE0B222525C7002476CC /* GivenSteps.swift in Sources */ = {isa = PBXBuildFile; fileRef = 408AFE09222525AD002476CC /* GivenSteps.swift */; };
		408AFE0E22252630002476CC /* AdUtility.swift in Sources */ = {isa = PBXBuildFile; fileRef = 408AFE0D22252630002476CC /* AdUtility.swift */; };
		408AFE122225269E002476CC /* TestSearch.swift in Sources */ = {isa = PBXBuildFile; fileRef = 408AFE112225269E002476CC /* TestSearch.swift */; };
		408AFE14222526D1002476CC /* DeepLink.swift in Sources */ = {isa = PBXBuildFile; fileRef = 408AFE13222526D1002476CC /* DeepLink.swift */; };
		408AFE1622252751002476CC /* AppCommands.swift in Sources */ = {isa = PBXBuildFile; fileRef = 408AFE1522252751002476CC /* AppCommands.swift */; };
		408AFE1822252793002476CC /* UITest.swift in Sources */ = {isa = PBXBuildFile; fileRef = 408AFE1722252793002476CC /* UITest.swift */; };
		408AFE1A2225280F002476CC /* TestDestination.swift in Sources */ = {isa = PBXBuildFile; fileRef = 408AFE192225280F002476CC /* TestDestination.swift */; };
		6DB4FE00204DE66D60B5E1FC /* Pods_SPSwiftProject.framework in Frameworks */ = {isa = PBXBuildFile; fileRef = E87BC900A118EF161B07836E /* Pods_SPSwiftProject.framework */; };
		C769F6F597536041AA56272A /* libPods-SPSwiftProjectUITests.a in Frameworks */ = {isa = PBXBuildFile; fileRef = 0A9110745E52F960C6B85686 /* libPods-SPSwiftProjectUITests.a */; };
/* End PBXBuildFile section */

/* Begin PBXContainerItemProxy section */
		408AFDF422252313002476CC /* PBXContainerItemProxy */ = {
			isa = PBXContainerItemProxy;
			containerPortal = 404E5D90220F5A0600D84467 /* Project object */;
			proxyType = 1;
			remoteGlobalIDString = 404E5D97220F5A0600D84467;
			remoteInfo = SPSwiftProject;
		};
		408AFE022225231C002476CC /* PBXContainerItemProxy */ = {
			isa = PBXContainerItemProxy;
			containerPortal = 404E5D90220F5A0600D84467 /* Project object */;
			proxyType = 1;
			remoteGlobalIDString = 404E5D97220F5A0600D84467;
			remoteInfo = SPSwiftProject;
		};
/* End PBXContainerItemProxy section */

/* Begin PBXFileReference section */
		0A9110745E52F960C6B85686 /* libPods-SPSwiftProjectUITests.a */ = {isa = PBXFileReference; explicitFileType = archive.ar; includeInIndex = 0; path = "libPods-SPSwiftProjectUITests.a"; sourceTree = BUILT_PRODUCTS_DIR; };
		40107763220F923E002E4D20 /* Array_sumOfTwo.playground */ = {isa = PBXFileReference; lastKnownFileType = file.playground; path = Array_sumOfTwo.playground; sourceTree = "<group>"; xcLanguageSpecificationIdentifier = xcode.lang.swift; };
		40107764220FF4F7002E4D20 /* ReverseInteger.playground */ = {isa = PBXFileReference; lastKnownFileType = file.playground; path = ReverseInteger.playground; sourceTree = "<group>"; xcLanguageSpecificationIdentifier = xcode.lang.swift; };
		40107765220FFE58002E4D20 /* Palimdrome.playground */ = {isa = PBXFileReference; lastKnownFileType = file.playground; path = Palimdrome.playground; sourceTree = "<group>"; xcLanguageSpecificationIdentifier = xcode.lang.swift; };
		404E5D98220F5A0600D84467 /* SPSwiftProject.app */ = {isa = PBXFileReference; explicitFileType = wrapper.application; includeInIndex = 0; path = SPSwiftProject.app; sourceTree = BUILT_PRODUCTS_DIR; };
		404E5D9B220F5A0600D84467 /* AppDelegate.swift */ = {isa = PBXFileReference; lastKnownFileType = sourcecode.swift; path = AppDelegate.swift; sourceTree = "<group>"; };
		404E5D9D220F5A0600D84467 /* ViewController.swift */ = {isa = PBXFileReference; lastKnownFileType = sourcecode.swift; path = ViewController.swift; sourceTree = "<group>"; };
		404E5DA0220F5A0600D84467 /* Base */ = {isa = PBXFileReference; lastKnownFileType = file.storyboard; name = Base; path = Base.lproj/Main.storyboard; sourceTree = "<group>"; };
		404E5DA2220F5A0900D84467 /* Assets.xcassets */ = {isa = PBXFileReference; lastKnownFileType = folder.assetcatalog; path = Assets.xcassets; sourceTree = "<group>"; };
		404E5DA5220F5A0900D84467 /* Base */ = {isa = PBXFileReference; lastKnownFileType = file.storyboard; name = Base; path = Base.lproj/LaunchScreen.storyboard; sourceTree = "<group>"; };
		404E5DA7220F5A0900D84467 /* Info.plist */ = {isa = PBXFileReference; lastKnownFileType = text.plist.xml; path = Info.plist; sourceTree = "<group>"; };
		404E5DAD220F634400D84467 /* TutorialPractice */ = {isa = PBXFileReference; lastKnownFileType = folder; path = TutorialPractice; sourceTree = SOURCE_ROOT; };
		4084B4272224E353005CAC09 /* SPSwiftProject-Bridging-Header.h */ = {isa = PBXFileReference; lastKnownFileType = sourcecode.c.h; path = "SPSwiftProject-Bridging-Header.h"; sourceTree = "<group>"; };
		4084B4282224E353005CAC09 /* MockingAPIDocuments.h */ = {isa = PBXFileReference; lastKnownFileType = sourcecode.c.h; path = MockingAPIDocuments.h; sourceTree = "<group>"; };
		4084B4292224E353005CAC09 /* MockingAPIDocuments.m */ = {isa = PBXFileReference; lastKnownFileType = sourcecode.c.objc; path = MockingAPIDocuments.m; sourceTree = "<group>"; };
		4084B42C2224E53D005CAC09 /* XCTest.framework */ = {isa = PBXFileReference; lastKnownFileType = wrapper.framework; name = XCTest.framework; path = Platforms/iPhoneOS.platform/Developer/Library/Frameworks/XCTest.framework; sourceTree = DEVELOPER_DIR; };
		4084B42E2224E81E005CAC09 /* APIRequestManager.swift */ = {isa = PBXFileReference; lastKnownFileType = sourcecode.swift; path = APIRequestManager.swift; sourceTree = "<group>"; };
		4084B43022250758005CAC09 /* MockNotes.txt */ = {isa = PBXFileReference; lastKnownFileType = text; path = MockNotes.txt; sourceTree = "<group>"; };
		4084B43222250EE9005CAC09 /* UITestMock.txt */ = {isa = PBXFileReference; lastKnownFileType = text; path = UITestMock.txt; sourceTree = "<group>"; };
		4084B43622251BE3005CAC09 /* SRPTests.swift */ = {isa = PBXFileReference; lastKnownFileType = sourcecode.swift; path = SRPTests.swift; sourceTree = "<group>"; };
		4084B43822251C40005CAC09 /* BaseUITest.swift */ = {isa = PBXFileReference; lastKnownFileType = sourcecode.swift; path = BaseUITest.swift; sourceTree = "<group>"; };
		408AFDE922251EA7002476CC /* Podfile */ = {isa = PBXFileReference; lastKnownFileType = text; path = Podfile; sourceTree = "<group>"; };
		408AFDEF22252313002476CC /* SPSwiftProjectTests.xctest */ = {isa = PBXFileReference; explicitFileType = wrapper.cfbundle; includeInIndex = 0; path = SPSwiftProjectTests.xctest; sourceTree = BUILT_PRODUCTS_DIR; };
		408AFDF122252313002476CC /* SPSwiftProjectTests.m */ = {isa = PBXFileReference; lastKnownFileType = sourcecode.c.objc; path = SPSwiftProjectTests.m; sourceTree = "<group>"; };
		408AFDF322252313002476CC /* Info.plist */ = {isa = PBXFileReference; lastKnownFileType = text.plist.xml; path = Info.plist; sourceTree = "<group>"; };
		408AFDFD2225231C002476CC /* SPSwiftProjectUITests.xctest */ = {isa = PBXFileReference; explicitFileType = wrapper.cfbundle; includeInIndex = 0; path = SPSwiftProjectUITests.xctest; sourceTree = BUILT_PRODUCTS_DIR; };
		408AFDFF2225231C002476CC /* SPSwiftProjectUITests.m */ = {isa = PBXFileReference; lastKnownFileType = sourcecode.c.objc; path = SPSwiftProjectUITests.m; sourceTree = "<group>"; };
		408AFE012225231C002476CC /* Info.plist */ = {isa = PBXFileReference; lastKnownFileType = text.plist.xml; path = Info.plist; sourceTree = "<group>"; };
		408AFE09222525AD002476CC /* GivenSteps.swift */ = {isa = PBXFileReference; lastKnownFileType = sourcecode.swift; path = GivenSteps.swift; sourceTree = "<group>"; };
		408AFE0D22252630002476CC /* AdUtility.swift */ = {isa = PBXFileReference; lastKnownFileType = sourcecode.swift; path = AdUtility.swift; sourceTree = "<group>"; };
		408AFE112225269E002476CC /* TestSearch.swift */ = {isa = PBXFileReference; lastKnownFileType = sourcecode.swift; path = TestSearch.swift; sourceTree = "<group>"; };
		408AFE13222526D1002476CC /* DeepLink.swift */ = {isa = PBXFileReference; lastKnownFileType = sourcecode.swift; path = DeepLink.swift; sourceTree = "<group>"; };
		408AFE1522252751002476CC /* AppCommands.swift */ = {isa = PBXFileReference; lastKnownFileType = sourcecode.swift; path = AppCommands.swift; sourceTree = "<group>"; };
		408AFE1722252793002476CC /* UITest.swift */ = {isa = PBXFileReference; lastKnownFileType = sourcecode.swift; path = UITest.swift; sourceTree = "<group>"; };
		408AFE192225280F002476CC /* TestDestination.swift */ = {isa = PBXFileReference; lastKnownFileType = sourcecode.swift; path = TestDestination.swift; sourceTree = "<group>"; };
		40EEC5BD2211386200718118 /* Roman_Integer.playground */ = {isa = PBXFileReference; lastKnownFileType = file.playground; path = Roman_Integer.playground; sourceTree = "<group>"; xcLanguageSpecificationIdentifier = xcode.lang.swift; };
		4DDF431ADDA8CED2786172F3 /* Pods-SPSwiftProjectUITests.debug.xcconfig */ = {isa = PBXFileReference; includeInIndex = 1; lastKnownFileType = text.xcconfig; name = "Pods-SPSwiftProjectUITests.debug.xcconfig"; path = "Pods/Target Support Files/Pods-SPSwiftProjectUITests/Pods-SPSwiftProjectUITests.debug.xcconfig"; sourceTree = "<group>"; };
		5389F8269BE898D39387F78E /* Pods-SPSwiftProjectUITests.release.xcconfig */ = {isa = PBXFileReference; includeInIndex = 1; lastKnownFileType = text.xcconfig; name = "Pods-SPSwiftProjectUITests.release.xcconfig"; path = "Pods/Target Support Files/Pods-SPSwiftProjectUITests/Pods-SPSwiftProjectUITests.release.xcconfig"; sourceTree = "<group>"; };
		B4FCC520004E5C8D9E45D00F /* Pods-SPSwiftProject.release.xcconfig */ = {isa = PBXFileReference; includeInIndex = 1; lastKnownFileType = text.xcconfig; name = "Pods-SPSwiftProject.release.xcconfig"; path = "Pods/Target Support Files/Pods-SPSwiftProject/Pods-SPSwiftProject.release.xcconfig"; sourceTree = "<group>"; };
		E87BC900A118EF161B07836E /* Pods_SPSwiftProject.framework */ = {isa = PBXFileReference; explicitFileType = wrapper.framework; includeInIndex = 0; path = Pods_SPSwiftProject.framework; sourceTree = BUILT_PRODUCTS_DIR; };
		FF0CE42FB64113F4EF84268E /* Pods-SPSwiftProject.debug.xcconfig */ = {isa = PBXFileReference; includeInIndex = 1; lastKnownFileType = text.xcconfig; name = "Pods-SPSwiftProject.debug.xcconfig"; path = "Pods/Target Support Files/Pods-SPSwiftProject/Pods-SPSwiftProject.debug.xcconfig"; sourceTree = "<group>"; };
/* End PBXFileReference section */

/* Begin PBXFrameworksBuildPhase section */
		404E5D95220F5A0600D84467 /* Frameworks */ = {
			isa = PBXFrameworksBuildPhase;
			buildActionMask = 2147483647;
			files = (
				4084B42D2224E53D005CAC09 /* XCTest.framework in Frameworks */,
				6DB4FE00204DE66D60B5E1FC /* Pods_SPSwiftProject.framework in Frameworks */,
			);
			runOnlyForDeploymentPostprocessing = 0;
		};
		408AFDEC22252313002476CC /* Frameworks */ = {
			isa = PBXFrameworksBuildPhase;
			buildActionMask = 2147483647;
			files = (
			);
			runOnlyForDeploymentPostprocessing = 0;
		};
		408AFDFA2225231C002476CC /* Frameworks */ = {
			isa = PBXFrameworksBuildPhase;
			buildActionMask = 2147483647;
			files = (
				C769F6F597536041AA56272A /* libPods-SPSwiftProjectUITests.a in Frameworks */,
			);
			runOnlyForDeploymentPostprocessing = 0;
		};
/* End PBXFrameworksBuildPhase section */

/* Begin PBXGroup section */
		40107762220F920D002E4D20 /* LeetCode */ = {
			isa = PBXGroup;
			children = (
				40EEC5BD2211386200718118 /* Roman_Integer.playground */,
				40107765220FFE58002E4D20 /* Palimdrome.playground */,
				40107764220FF4F7002E4D20 /* ReverseInteger.playground */,
				40107763220F923E002E4D20 /* Array_sumOfTwo.playground */,
			);
			path = LeetCode;
			sourceTree = "<group>";
		};
		404E5D8F220F5A0600D84467 = {
			isa = PBXGroup;
			children = (
				408AFDE922251EA7002476CC /* Podfile */,
				404E5D9A220F5A0600D84467 /* SPSwiftProject */,
				408AFDF022252313002476CC /* SPSwiftProjectTests */,
				408AFDFE2225231C002476CC /* SPSwiftProjectUITests */,
				404E5D99220F5A0600D84467 /* Products */,
				4084B42B2224E53D005CAC09 /* Frameworks */,
				5B1FA6CE03D1BFA75FFA2508 /* Pods */,
			);
			sourceTree = "<group>";
		};
		404E5D99220F5A0600D84467 /* Products */ = {
			isa = PBXGroup;
			children = (
				404E5D98220F5A0600D84467 /* SPSwiftProject.app */,
				408AFDEF22252313002476CC /* SPSwiftProjectTests.xctest */,
				408AFDFD2225231C002476CC /* SPSwiftProjectUITests.xctest */,
			);
			name = Products;
			sourceTree = "<group>";
		};
		404E5D9A220F5A0600D84467 /* SPSwiftProject */ = {
			isa = PBXGroup;
			children = (
				4084B4262224E31F005CAC09 /* Documents_Tutorials */,
				40107762220F920D002E4D20 /* LeetCode */,
				404E5DAD220F634400D84467 /* TutorialPractice */,
				404E5D9B220F5A0600D84467 /* AppDelegate.swift */,
				404E5D9D220F5A0600D84467 /* ViewController.swift */,
				404E5D9F220F5A0600D84467 /* Main.storyboard */,
				404E5DA2220F5A0900D84467 /* Assets.xcassets */,
				404E5DA4220F5A0900D84467 /* LaunchScreen.storyboard */,
				404E5DA7220F5A0900D84467 /* Info.plist */,
			);
			path = SPSwiftProject;
			sourceTree = "<group>";
		};
		4084B4262224E31F005CAC09 /* Documents_Tutorials */ = {
			isa = PBXGroup;
			children = (
				4084B43522251B9E005CAC09 /* UITestMocking */,
				4084B43422251B86005CAC09 /* UnitTestMocking */,
				4084B4272224E353005CAC09 /* SPSwiftProject-Bridging-Header.h */,
			);
			path = Documents_Tutorials;
			sourceTree = "<group>";
		};
		4084B42B2224E53D005CAC09 /* Frameworks */ = {
			isa = PBXGroup;
			children = (
				4084B42C2224E53D005CAC09 /* XCTest.framework */,
				E87BC900A118EF161B07836E /* Pods_SPSwiftProject.framework */,
				0A9110745E52F960C6B85686 /* libPods-SPSwiftProjectUITests.a */,
			);
			name = Frameworks;
			sourceTree = "<group>";
		};
		4084B43422251B86005CAC09 /* UnitTestMocking */ = {
			isa = PBXGroup;
			children = (
				4084B4282224E353005CAC09 /* MockingAPIDocuments.h */,
				4084B4292224E353005CAC09 /* MockingAPIDocuments.m */,
				4084B42E2224E81E005CAC09 /* APIRequestManager.swift */,
				4084B43022250758005CAC09 /* MockNotes.txt */,
			);
			path = UnitTestMocking;
			sourceTree = "<group>";
		};
		4084B43522251B9E005CAC09 /* UITestMocking */ = {
			isa = PBXGroup;
			children = (
				408AFE0F22252675002476CC /* UITest */,
				4084B43222250EE9005CAC09 /* UITestMock.txt */,
				4084B43622251BE3005CAC09 /* SRPTests.swift */,
				4084B43822251C40005CAC09 /* BaseUITest.swift */,
				408AFE09222525AD002476CC /* GivenSteps.swift */,
			);
			path = UITestMocking;
			sourceTree = "<group>";
		};
		408AFDF022252313002476CC /* SPSwiftProjectTests */ = {
			isa = PBXGroup;
			children = (
				408AFDF122252313002476CC /* SPSwiftProjectTests.m */,
				408AFDF322252313002476CC /* Info.plist */,
			);
			path = SPSwiftProjectTests;
			sourceTree = "<group>";
		};
		408AFDFE2225231C002476CC /* SPSwiftProjectUITests */ = {
			isa = PBXGroup;
			children = (
				408AFDFF2225231C002476CC /* SPSwiftProjectUITests.m */,
				408AFE012225231C002476CC /* Info.plist */,
			);
			path = SPSwiftProjectUITests;
			sourceTree = "<group>";
		};
		408AFE0C22252601002476CC /* Utilities */ = {
			isa = PBXGroup;
			children = (
				408AFE0D22252630002476CC /* AdUtility.swift */,
				408AFE13222526D1002476CC /* DeepLink.swift */,
				408AFE1722252793002476CC /* UITest.swift */,
			);
			path = Utilities;
			sourceTree = "<group>";
		};
		408AFE0F22252675002476CC /* UITest */ = {
			isa = PBXGroup;
			children = (
				408AFE102225267E002476CC /* TestObject */,
				408AFE0C22252601002476CC /* Utilities */,
				408AFE1522252751002476CC /* AppCommands.swift */,
			);
			path = UITest;
			sourceTree = "<group>";
		};
		408AFE102225267E002476CC /* TestObject */ = {
			isa = PBXGroup;
			children = (
				408AFE112225269E002476CC /* TestSearch.swift */,
				408AFE192225280F002476CC /* TestDestination.swift */,
			);
			path = TestObject;
			sourceTree = "<group>";
		};
		5B1FA6CE03D1BFA75FFA2508 /* Pods */ = {
			isa = PBXGroup;
			children = (
				FF0CE42FB64113F4EF84268E /* Pods-SPSwiftProject.debug.xcconfig */,
				B4FCC520004E5C8D9E45D00F /* Pods-SPSwiftProject.release.xcconfig */,
				4DDF431ADDA8CED2786172F3 /* Pods-SPSwiftProjectUITests.debug.xcconfig */,
				5389F8269BE898D39387F78E /* Pods-SPSwiftProjectUITests.release.xcconfig */,
			);
			name = Pods;
			sourceTree = "<group>";
		};
/* End PBXGroup section */

/* Begin PBXNativeTarget section */
		404E5D97220F5A0600D84467 /* SPSwiftProject */ = {
			isa = PBXNativeTarget;
			buildConfigurationList = 404E5DAA220F5A0900D84467 /* Build configuration list for PBXNativeTarget "SPSwiftProject" */;
			buildPhases = (
				12515308D9DD7F7BC852CA37 /* [CP] Check Pods Manifest.lock */,
				404E5D94220F5A0600D84467 /* Sources */,
				404E5D95220F5A0600D84467 /* Frameworks */,
				404E5D96220F5A0600D84467 /* Resources */,
				730C534C27C5D3E0327D7E64 /* [CP] Embed Pods Frameworks */,
			);
			buildRules = (
			);
			dependencies = (
			);
			name = SPSwiftProject;
			productName = SPSwiftProject;
			productReference = 404E5D98220F5A0600D84467 /* SPSwiftProject.app */;
			productType = "com.apple.product-type.application";
		};
		408AFDEE22252313002476CC /* SPSwiftProjectTests */ = {
			isa = PBXNativeTarget;
			buildConfigurationList = 408AFDF822252313002476CC /* Build configuration list for PBXNativeTarget "SPSwiftProjectTests" */;
			buildPhases = (
				408AFDEB22252313002476CC /* Sources */,
				408AFDEC22252313002476CC /* Frameworks */,
				408AFDED22252313002476CC /* Resources */,
			);
			buildRules = (
			);
			dependencies = (
				408AFDF522252313002476CC /* PBXTargetDependency */,
			);
			name = SPSwiftProjectTests;
			productName = SPSwiftProjectTests;
			productReference = 408AFDEF22252313002476CC /* SPSwiftProjectTests.xctest */;
			productType = "com.apple.product-type.bundle.unit-test";
		};
		408AFDFC2225231C002476CC /* SPSwiftProjectUITests */ = {
			isa = PBXNativeTarget;
			buildConfigurationList = 408AFE042225231C002476CC /* Build configuration list for PBXNativeTarget "SPSwiftProjectUITests" */;
			buildPhases = (
				0665D065CF58A29159650ABA /* [CP] Check Pods Manifest.lock */,
				408AFDF92225231C002476CC /* Sources */,
				408AFDFA2225231C002476CC /* Frameworks */,
				408AFDFB2225231C002476CC /* Resources */,
			);
			buildRules = (
			);
			dependencies = (
				408AFE032225231C002476CC /* PBXTargetDependency */,
			);
			name = SPSwiftProjectUITests;
			productName = SPSwiftProjectUITests;
			productReference = 408AFDFD2225231C002476CC /* SPSwiftProjectUITests.xctest */;
			productType = "com.apple.product-type.bundle.ui-testing";
		};
/* End PBXNativeTarget section */

/* Begin PBXProject section */
		404E5D90220F5A0600D84467 /* Project object */ = {
			isa = PBXProject;
			attributes = {
				LastSwiftUpdateCheck = 1010;
				LastUpgradeCheck = 1010;
				ORGANIZATIONNAME = "Parsoya, Saritha";
				TargetAttributes = {
					404E5D97220F5A0600D84467 = {
						CreatedOnToolsVersion = 10.1;
						LastSwiftMigration = 1010;
					};
					408AFDEE22252313002476CC = {
						CreatedOnToolsVersion = 10.1;
						TestTargetID = 404E5D97220F5A0600D84467;
					};
					408AFDFC2225231C002476CC = {
						CreatedOnToolsVersion = 10.1;
						TestTargetID = 404E5D97220F5A0600D84467;
					};
				};
			};
			buildConfigurationList = 404E5D93220F5A0600D84467 /* Build configuration list for PBXProject "SPSwiftProject" */;
			compatibilityVersion = "Xcode 9.3";
			developmentRegion = en;
			hasScannedForEncodings = 0;
			knownRegions = (
				en,
				Base,
			);
			mainGroup = 404E5D8F220F5A0600D84467;
			productRefGroup = 404E5D99220F5A0600D84467 /* Products */;
			projectDirPath = "";
			projectRoot = "";
			targets = (
				404E5D97220F5A0600D84467 /* SPSwiftProject */,
				408AFDEE22252313002476CC /* SPSwiftProjectTests */,
				408AFDFC2225231C002476CC /* SPSwiftProjectUITests */,
			);
		};
/* End PBXProject section */

/* Begin PBXResourcesBuildPhase section */
		404E5D96220F5A0600D84467 /* Resources */ = {
			isa = PBXResourcesBuildPhase;
			buildActionMask = 2147483647;
			files = (
				4084B43122250758005CAC09 /* MockNotes.txt in Resources */,
				404E5DA6220F5A0900D84467 /* LaunchScreen.storyboard in Resources */,
				4084B43322250EE9005CAC09 /* UITestMock.txt in Resources */,
				404E5DA3220F5A0900D84467 /* Assets.xcassets in Resources */,
				404E5DA1220F5A0600D84467 /* Main.storyboard in Resources */,
				408AFDEA22251EA7002476CC /* Podfile in Resources */,
				404E5DAE220F634400D84467 /* TutorialPractice in Resources */,
			);
			runOnlyForDeploymentPostprocessing = 0;
		};
		408AFDED22252313002476CC /* Resources */ = {
			isa = PBXResourcesBuildPhase;
			buildActionMask = 2147483647;
			files = (
			);
			runOnlyForDeploymentPostprocessing = 0;
		};
		408AFDFB2225231C002476CC /* Resources */ = {
			isa = PBXResourcesBuildPhase;
			buildActionMask = 2147483647;
			files = (
			);
			runOnlyForDeploymentPostprocessing = 0;
		};
/* End PBXResourcesBuildPhase section */

/* Begin PBXShellScriptBuildPhase section */
		0665D065CF58A29159650ABA /* [CP] Check Pods Manifest.lock */ = {
			isa = PBXShellScriptBuildPhase;
			buildActionMask = 2147483647;
			files = (
			);
			inputFileListPaths = (
			);
			inputPaths = (
				"${PODS_PODFILE_DIR_PATH}/Podfile.lock",
				"${PODS_ROOT}/Manifest.lock",
			);
			name = "[CP] Check Pods Manifest.lock";
			outputFileListPaths = (
			);
			outputPaths = (
				"$(DERIVED_FILE_DIR)/Pods-SPSwiftProjectUITests-checkManifestLockResult.txt",
			);
			runOnlyForDeploymentPostprocessing = 0;
			shellPath = /bin/sh;
			shellScript = "diff \"${PODS_PODFILE_DIR_PATH}/Podfile.lock\" \"${PODS_ROOT}/Manifest.lock\" > /dev/null\nif [ $? != 0 ] ; then\n    # print error to STDERR\n    echo \"error: The sandbox is not in sync with the Podfile.lock. Run 'pod install' or update your CocoaPods installation.\" >&2\n    exit 1\nfi\n# This output is used by Xcode 'outputs' to avoid re-running this script phase.\necho \"SUCCESS\" > \"${SCRIPT_OUTPUT_FILE_0}\"\n";
			showEnvVarsInLog = 0;
		};
		12515308D9DD7F7BC852CA37 /* [CP] Check Pods Manifest.lock */ = {
			isa = PBXShellScriptBuildPhase;
			buildActionMask = 2147483647;
			files = (
			);
			inputFileListPaths = (
			);
			inputPaths = (
				"${PODS_PODFILE_DIR_PATH}/Podfile.lock",
				"${PODS_ROOT}/Manifest.lock",
			);
			name = "[CP] Check Pods Manifest.lock";
			outputFileListPaths = (
			);
			outputPaths = (
				"$(DERIVED_FILE_DIR)/Pods-SPSwiftProject-checkManifestLockResult.txt",
			);
			runOnlyForDeploymentPostprocessing = 0;
			shellPath = /bin/sh;
			shellScript = "diff \"${PODS_PODFILE_DIR_PATH}/Podfile.lock\" \"${PODS_ROOT}/Manifest.lock\" > /dev/null\nif [ $? != 0 ] ; then\n    # print error to STDERR\n    echo \"error: The sandbox is not in sync with the Podfile.lock. Run 'pod install' or update your CocoaPods installation.\" >&2\n    exit 1\nfi\n# This output is used by Xcode 'outputs' to avoid re-running this script phase.\necho \"SUCCESS\" > \"${SCRIPT_OUTPUT_FILE_0}\"\n";
			showEnvVarsInLog = 0;
		};
		730C534C27C5D3E0327D7E64 /* [CP] Embed Pods Frameworks */ = {
			isa = PBXShellScriptBuildPhase;
			buildActionMask = 2147483647;
			files = (
			);
			inputFileListPaths = (
			);
			inputPaths = (
				"${SRCROOT}/Pods/Target Support Files/Pods-SPSwiftProject/Pods-SPSwiftProject-frameworks.sh",
				"${BUILT_PRODUCTS_DIR}/GCDWebServer/GCDWebServer.framework",
			);
			name = "[CP] Embed Pods Frameworks";
			outputFileListPaths = (
			);
			outputPaths = (
				"${TARGET_BUILD_DIR}/${FRAMEWORKS_FOLDER_PATH}/GCDWebServer.framework",
			);
			runOnlyForDeploymentPostprocessing = 0;
			shellPath = /bin/sh;
			shellScript = "\"${SRCROOT}/Pods/Target Support Files/Pods-SPSwiftProject/Pods-SPSwiftProject-frameworks.sh\"\n";
			showEnvVarsInLog = 0;
		};
/* End PBXShellScriptBuildPhase section */

/* Begin PBXSourcesBuildPhase section */
		404E5D94220F5A0600D84467 /* Sources */ = {
			isa = PBXSourcesBuildPhase;
			buildActionMask = 2147483647;
			files = (
				4084B42F2224E81E005CAC09 /* APIRequestManager.swift in Sources */,
				404E5D9E220F5A0600D84467 /* ViewController.swift in Sources */,
				404E5D9C220F5A0600D84467 /* AppDelegate.swift in Sources */,
				4084B42A2224E353005CAC09 /* MockingAPIDocuments.m in Sources */,
			);
			runOnlyForDeploymentPostprocessing = 0;
		};
		408AFDEB22252313002476CC /* Sources */ = {
			isa = PBXSourcesBuildPhase;
			buildActionMask = 2147483647;
			files = (
				408AFDF222252313002476CC /* SPSwiftProjectTests.m in Sources */,
			);
			runOnlyForDeploymentPostprocessing = 0;
		};
		408AFDF92225231C002476CC /* Sources */ = {
			isa = PBXSourcesBuildPhase;
			buildActionMask = 2147483647;
			files = (
				408AFE1A2225280F002476CC /* TestDestination.swift in Sources */,
				408AFE1822252793002476CC /* UITest.swift in Sources */,
				408AFE0722252332002476CC /* BaseUITest.swift in Sources */,
				408AFE122225269E002476CC /* TestSearch.swift in Sources */,
				408AFE14222526D1002476CC /* DeepLink.swift in Sources */,
				408AFE0822252338002476CC /* SRPTests.swift in Sources */,
				408AFE002225231C002476CC /* SPSwiftProjectUITests.m in Sources */,
				408AFE0E22252630002476CC /* AdUtility.swift in Sources */,
				408AFE0B222525C7002476CC /* GivenSteps.swift in Sources */,
				408AFE1622252751002476CC /* AppCommands.swift in Sources */,
			);
			runOnlyForDeploymentPostprocessing = 0;
		};
/* End PBXSourcesBuildPhase section */

/* Begin PBXTargetDependency section */
		408AFDF522252313002476CC /* PBXTargetDependency */ = {
			isa = PBXTargetDependency;
			target = 404E5D97220F5A0600D84467 /* SPSwiftProject */;
			targetProxy = 408AFDF422252313002476CC /* PBXContainerItemProxy */;
		};
		408AFE032225231C002476CC /* PBXTargetDependency */ = {
			isa = PBXTargetDependency;
			target = 404E5D97220F5A0600D84467 /* SPSwiftProject */;
			targetProxy = 408AFE022225231C002476CC /* PBXContainerItemProxy */;
		};
/* End PBXTargetDependency section */

/* Begin PBXVariantGroup section */
		404E5D9F220F5A0600D84467 /* Main.storyboard */ = {
			isa = PBXVariantGroup;
			children = (
				404E5DA0220F5A0600D84467 /* Base */,
			);
			name = Main.storyboard;
			sourceTree = "<group>";
		};
		404E5DA4220F5A0900D84467 /* LaunchScreen.storyboard */ = {
			isa = PBXVariantGroup;
			children = (
				404E5DA5220F5A0900D84467 /* Base */,
			);
			name = LaunchScreen.storyboard;
			sourceTree = "<group>";
		};
/* End PBXVariantGroup section */

/* Begin XCBuildConfiguration section */
		404E5DA8220F5A0900D84467 /* Debug */ = {
			isa = XCBuildConfiguration;
			buildSettings = {
				ALWAYS_SEARCH_USER_PATHS = NO;
				CLANG_ANALYZER_NONNULL = YES;
				CLANG_ANALYZER_NUMBER_OBJECT_CONVERSION = YES_AGGRESSIVE;
				CLANG_CXX_LANGUAGE_STANDARD = "gnu++14";
				CLANG_CXX_LIBRARY = "libc++";
				CLANG_ENABLE_MODULES = YES;
				CLANG_ENABLE_OBJC_ARC = YES;
				CLANG_ENABLE_OBJC_WEAK = YES;
				CLANG_WARN_BLOCK_CAPTURE_AUTORELEASING = YES;
				CLANG_WARN_BOOL_CONVERSION = YES;
				CLANG_WARN_COMMA = YES;
				CLANG_WARN_CONSTANT_CONVERSION = YES;
				CLANG_WARN_DEPRECATED_OBJC_IMPLEMENTATIONS = YES;
				CLANG_WARN_DIRECT_OBJC_ISA_USAGE = YES_ERROR;
				CLANG_WARN_DOCUMENTATION_COMMENTS = YES;
				CLANG_WARN_EMPTY_BODY = YES;
				CLANG_WARN_ENUM_CONVERSION = YES;
				CLANG_WARN_INFINITE_RECURSION = YES;
				CLANG_WARN_INT_CONVERSION = YES;
				CLANG_WARN_NON_LITERAL_NULL_CONVERSION = YES;
				CLANG_WARN_OBJC_IMPLICIT_RETAIN_SELF = YES;
				CLANG_WARN_OBJC_LITERAL_CONVERSION = YES;
				CLANG_WARN_OBJC_ROOT_CLASS = YES_ERROR;
				CLANG_WARN_RANGE_LOOP_ANALYSIS = YES;
				CLANG_WARN_STRICT_PROTOTYPES = YES;
				CLANG_WARN_SUSPICIOUS_MOVE = YES;
				CLANG_WARN_UNGUARDED_AVAILABILITY = YES_AGGRESSIVE;
				CLANG_WARN_UNREACHABLE_CODE = YES;
				CLANG_WARN__DUPLICATE_METHOD_MATCH = YES;
				CODE_SIGN_IDENTITY = "iPhone Developer";
				COPY_PHASE_STRIP = NO;
				DEBUG_INFORMATION_FORMAT = dwarf;
				ENABLE_STRICT_OBJC_MSGSEND = YES;
				ENABLE_TESTABILITY = YES;
				GCC_C_LANGUAGE_STANDARD = gnu11;
				GCC_DYNAMIC_NO_PIC = NO;
				GCC_NO_COMMON_BLOCKS = YES;
				GCC_OPTIMIZATION_LEVEL = 0;
				GCC_PREPROCESSOR_DEFINITIONS = (
					"DEBUG=1",
					"$(inherited)",
				);
				GCC_WARN_64_TO_32_BIT_CONVERSION = YES;
				GCC_WARN_ABOUT_RETURN_TYPE = YES_ERROR;
				GCC_WARN_UNDECLARED_SELECTOR = YES;
				GCC_WARN_UNINITIALIZED_AUTOS = YES_AGGRESSIVE;
				GCC_WARN_UNUSED_FUNCTION = YES;
				GCC_WARN_UNUSED_VARIABLE = YES;
				IPHONEOS_DEPLOYMENT_TARGET = 12.1;
				MTL_ENABLE_DEBUG_INFO = INCLUDE_SOURCE;
				MTL_FAST_MATH = YES;
				ONLY_ACTIVE_ARCH = YES;
				SDKROOT = iphoneos;
				SWIFT_ACTIVE_COMPILATION_CONDITIONS = DEBUG;
				SWIFT_OPTIMIZATION_LEVEL = "-Onone";
			};
			name = Debug;
		};
		404E5DA9220F5A0900D84467 /* Release */ = {
			isa = XCBuildConfiguration;
			buildSettings = {
				ALWAYS_SEARCH_USER_PATHS = NO;
				CLANG_ANALYZER_NONNULL = YES;
				CLANG_ANALYZER_NUMBER_OBJECT_CONVERSION = YES_AGGRESSIVE;
				CLANG_CXX_LANGUAGE_STANDARD = "gnu++14";
				CLANG_CXX_LIBRARY = "libc++";
				CLANG_ENABLE_MODULES = YES;
				CLANG_ENABLE_OBJC_ARC = YES;
				CLANG_ENABLE_OBJC_WEAK = YES;
				CLANG_WARN_BLOCK_CAPTURE_AUTORELEASING = YES;
				CLANG_WARN_BOOL_CONVERSION = YES;
				CLANG_WARN_COMMA = YES;
				CLANG_WARN_CONSTANT_CONVERSION = YES;
				CLANG_WARN_DEPRECATED_OBJC_IMPLEMENTATIONS = YES;
				CLANG_WARN_DIRECT_OBJC_ISA_USAGE = YES_ERROR;
				CLANG_WARN_DOCUMENTATION_COMMENTS = YES;
				CLANG_WARN_EMPTY_BODY = YES;
				CLANG_WARN_ENUM_CONVERSION = YES;
				CLANG_WARN_INFINITE_RECURSION = YES;
				CLANG_WARN_INT_CONVERSION = YES;
				CLANG_WARN_NON_LITERAL_NULL_CONVERSION = YES;
				CLANG_WARN_OBJC_IMPLICIT_RETAIN_SELF = YES;
				CLANG_WARN_OBJC_LITERAL_CONVERSION = YES;
				CLANG_WARN_OBJC_ROOT_CLASS = YES_ERROR;
				CLANG_WARN_RANGE_LOOP_ANALYSIS = YES;
				CLANG_WARN_STRICT_PROTOTYPES = YES;
				CLANG_WARN_SUSPICIOUS_MOVE = YES;
				CLANG_WARN_UNGUARDED_AVAILABILITY = YES_AGGRESSIVE;
				CLANG_WARN_UNREACHABLE_CODE = YES;
				CLANG_WARN__DUPLICATE_METHOD_MATCH = YES;
				CODE_SIGN_IDENTITY = "iPhone Developer";
				COPY_PHASE_STRIP = NO;
				DEBUG_INFORMATION_FORMAT = "dwarf-with-dsym";
				ENABLE_NS_ASSERTIONS = NO;
				ENABLE_STRICT_OBJC_MSGSEND = YES;
				GCC_C_LANGUAGE_STANDARD = gnu11;
				GCC_NO_COMMON_BLOCKS = YES;
				GCC_WARN_64_TO_32_BIT_CONVERSION = YES;
				GCC_WARN_ABOUT_RETURN_TYPE = YES_ERROR;
				GCC_WARN_UNDECLARED_SELECTOR = YES;
				GCC_WARN_UNINITIALIZED_AUTOS = YES_AGGRESSIVE;
				GCC_WARN_UNUSED_FUNCTION = YES;
				GCC_WARN_UNUSED_VARIABLE = YES;
				IPHONEOS_DEPLOYMENT_TARGET = 12.1;
				MTL_ENABLE_DEBUG_INFO = NO;
				MTL_FAST_MATH = YES;
				SDKROOT = iphoneos;
				SWIFT_COMPILATION_MODE = wholemodule;
				SWIFT_OPTIMIZATION_LEVEL = "-O";
				VALIDATE_PRODUCT = YES;
			};
			name = Release;
		};
		404E5DAB220F5A0900D84467 /* Debug */ = {
			isa = XCBuildConfiguration;
			baseConfigurationReference = FF0CE42FB64113F4EF84268E /* Pods-SPSwiftProject.debug.xcconfig */;
			buildSettings = {
				ASSETCATALOG_COMPILER_APPICON_NAME = AppIcon;
				CLANG_ENABLE_MODULES = YES;
				CODE_SIGN_STYLE = Automatic;
				INFOPLIST_FILE = SPSwiftProject/Info.plist;
				LD_RUNPATH_SEARCH_PATHS = (
					"$(inherited)",
					"@executable_path/Frameworks",
				);
				PRODUCT_BUNDLE_IDENTIFIER = com.saritha.SPSwiftProject;
				PRODUCT_NAME = "$(TARGET_NAME)";
				SWIFT_OBJC_BRIDGING_HEADER = "SPSwiftProject/Documents_Tutorials/SPSwiftProject-Bridging-Header.h";
				SWIFT_OPTIMIZATION_LEVEL = "-Onone";
				SWIFT_VERSION = 4.2;
				TARGETED_DEVICE_FAMILY = "1,2";
			};
			name = Debug;
		};
		404E5DAC220F5A0900D84467 /* Release */ = {
			isa = XCBuildConfiguration;
			baseConfigurationReference = B4FCC520004E5C8D9E45D00F /* Pods-SPSwiftProject.release.xcconfig */;
			buildSettings = {
				ASSETCATALOG_COMPILER_APPICON_NAME = AppIcon;
				CLANG_ENABLE_MODULES = YES;
				CODE_SIGN_STYLE = Automatic;
				INFOPLIST_FILE = SPSwiftProject/Info.plist;
				LD_RUNPATH_SEARCH_PATHS = (
					"$(inherited)",
					"@executable_path/Frameworks",
				);
				PRODUCT_BUNDLE_IDENTIFIER = com.saritha.SPSwiftProject;
				PRODUCT_NAME = "$(TARGET_NAME)";
				SWIFT_OBJC_BRIDGING_HEADER = "SPSwiftProject/Documents_Tutorials/SPSwiftProject-Bridging-Header.h";
				SWIFT_VERSION = 4.2;
				TARGETED_DEVICE_FAMILY = "1,2";
			};
			name = Release;
		};
		408AFDF622252313002476CC /* Debug */ = {
			isa = XCBuildConfiguration;
			buildSettings = {
				ALWAYS_EMBED_SWIFT_STANDARD_LIBRARIES = YES;
				BUNDLE_LOADER = "$(TEST_HOST)";
				CODE_SIGN_STYLE = Automatic;
				INFOPLIST_FILE = SPSwiftProjectTests/Info.plist;
				LD_RUNPATH_SEARCH_PATHS = (
					"$(inherited)",
					"@executable_path/Frameworks",
					"@loader_path/Frameworks",
				);
				PRODUCT_BUNDLE_IDENTIFIER = com.saritha.SPSwiftProjectTests;
				PRODUCT_NAME = "$(TARGET_NAME)";
				TARGETED_DEVICE_FAMILY = "1,2";
				TEST_HOST = "$(BUILT_PRODUCTS_DIR)/SPSwiftProject.app/SPSwiftProject";
			};
			name = Debug;
		};
		408AFDF722252313002476CC /* Release */ = {
			isa = XCBuildConfiguration;
			buildSettings = {
				ALWAYS_EMBED_SWIFT_STANDARD_LIBRARIES = YES;
				BUNDLE_LOADER = "$(TEST_HOST)";
				CODE_SIGN_STYLE = Automatic;
				INFOPLIST_FILE = SPSwiftProjectTests/Info.plist;
				LD_RUNPATH_SEARCH_PATHS = (
					"$(inherited)",
					"@executable_path/Frameworks",
					"@loader_path/Frameworks",
				);
				PRODUCT_BUNDLE_IDENTIFIER = com.saritha.SPSwiftProjectTests;
				PRODUCT_NAME = "$(TARGET_NAME)";
				TARGETED_DEVICE_FAMILY = "1,2";
				TEST_HOST = "$(BUILT_PRODUCTS_DIR)/SPSwiftProject.app/SPSwiftProject";
			};
			name = Release;
		};
		408AFE052225231C002476CC /* Debug */ = {
			isa = XCBuildConfiguration;
			baseConfigurationReference = 4DDF431ADDA8CED2786172F3 /* Pods-SPSwiftProjectUITests.debug.xcconfig */;
			buildSettings = {
				ALWAYS_EMBED_SWIFT_STANDARD_LIBRARIES = YES;
				CODE_SIGN_STYLE = Automatic;
				INFOPLIST_FILE = SPSwiftProjectUITests/Info.plist;
				LD_RUNPATH_SEARCH_PATHS = (
					"$(inherited)",
					"@executable_path/Frameworks",
					"@loader_path/Frameworks",
				);
				PRODUCT_BUNDLE_IDENTIFIER = com.saritha.SPSwiftProjectUITests;
				PRODUCT_NAME = "$(TARGET_NAME)";
				TARGETED_DEVICE_FAMILY = "1,2";
				TEST_TARGET_NAME = SPSwiftProject;
			};
			name = Debug;
		};
		408AFE062225231C002476CC /* Release */ = {
			isa = XCBuildConfiguration;
			baseConfigurationReference = 5389F8269BE898D39387F78E /* Pods-SPSwiftProjectUITests.release.xcconfig */;
			buildSettings = {
				ALWAYS_EMBED_SWIFT_STANDARD_LIBRARIES = YES;
				CODE_SIGN_STYLE = Automatic;
				INFOPLIST_FILE = SPSwiftProjectUITests/Info.plist;
				LD_RUNPATH_SEARCH_PATHS = (
					"$(inherited)",
					"@executable_path/Frameworks",
					"@loader_path/Frameworks",
				);
				PRODUCT_BUNDLE_IDENTIFIER = com.saritha.SPSwiftProjectUITests;
				PRODUCT_NAME = "$(TARGET_NAME)";
				TARGETED_DEVICE_FAMILY = "1,2";
				TEST_TARGET_NAME = SPSwiftProject;
			};
			name = Release;
		};
/* End XCBuildConfiguration section */

/* Begin XCConfigurationList section */
		404E5D93220F5A0600D84467 /* Build configuration list for PBXProject "SPSwiftProject" */ = {
			isa = XCConfigurationList;
			buildConfigurations = (
				404E5DA8220F5A0900D84467 /* Debug */,
				404E5DA9220F5A0900D84467 /* Release */,
			);
			defaultConfigurationIsVisible = 0;
			defaultConfigurationName = Release;
		};
		404E5DAA220F5A0900D84467 /* Build configuration list for PBXNativeTarget "SPSwiftProject" */ = {
			isa = XCConfigurationList;
			buildConfigurations = (
				404E5DAB220F5A0900D84467 /* Debug */,
				404E5DAC220F5A0900D84467 /* Release */,
			);
			defaultConfigurationIsVisible = 0;
			defaultConfigurationName = Release;
		};
		408AFDF822252313002476CC /* Build configuration list for PBXNativeTarget "SPSwiftProjectTests" */ = {
			isa = XCConfigurationList;
			buildConfigurations = (
				408AFDF622252313002476CC /* Debug */,
				408AFDF722252313002476CC /* Release */,
			);
			defaultConfigurationIsVisible = 0;
			defaultConfigurationName = Release;
		};
		408AFE042225231C002476CC /* Build configuration list for PBXNativeTarget "SPSwiftProjectUITests" */ = {
			isa = XCConfigurationList;
			buildConfigurations = (
				408AFE052225231C002476CC /* Debug */,
				408AFE062225231C002476CC /* Release */,
			);
			defaultConfigurationIsVisible = 0;
			defaultConfigurationName = Release;
		};
/* End XCConfigurationList section */
	};
	rootObject = 404E5D90220F5A0600D84467 /* Project object */;
}
